
Microsoft Visual Studio Solution File, Format Version 12.00
# Visual Studio 16
Project("{FAE04EC0-301F-11D3-BF4B-00C04F79EFBC}") = "Assembly-CSharp", "Assembly-CSharp.csproj", "{EE54B4F9-7BF0-F0DE-08B5-FB76B4B907AB}"
EndProject
Global
	GlobalSection(SolutionConfigurationPlatforms) = preSolution
		Debug|Any CPU = Debug|Any CPU
		Release|Any CPU = Release|Any CPU
	EndGlobalSection
	GlobalSection(ProjectConfigurationPlatforms) = postSolution
		{EE54B4F9-7BF0-F0DE-08B5-FB76B4B907AB}.Debug|Any CPU.ActiveCfg = Debug|Any CPU
		{EE54B4F9-7BF0-F0DE-08B5-FB76B4B907AB}.Debug|Any CPU.Build.0 = Debug|Any CPU
		{EE54B4F9-7BF0-F0DE-08B5-FB76B4B907AB}.Release|Any CPU.ActiveCfg = Release|Any CPU
		{EE54B4F9-7BF0-F0DE-08B5-FB76B4B907AB}.Release|Any CPU.Build.0 = Release|Any CPU
	EndGlobalSection
	GlobalSection(SolutionProperties) = preSolution
		HideSolutionNode = FALSE
	EndGlobalSection
EndGlobal
